
Microsoft Visual Studio Solution File, Format Version 12.00
# Visual Studio 15
VisualStudioVersion = 15.0.27703.2000
MinimumVisualStudioVersion = 10.0.40219.1
Project("{888888A0-9F3D-457C-B088-3A5042F75D52}") = "ChimelongCircusABCExample", "ChimelongCircusABCExample\ChimelongCircusABCExample.pyproj", "{470BBC99-FB8F-4A8C-8B83-0E0DB68C1E5A}"
EndProject
Global
	GlobalSection(SolutionConfigurationPlatforms) = preSolution
		Debug|Any CPU = Debug|Any CPU
		Release|Any CPU = Release|Any CPU
	EndGlobalSection
	GlobalSection(ProjectConfigurationPlatforms) = postSolution
		{470BBC99-FB8F-4A8C-8B83-0E0DB68C1E5A}.Debug|Any CPU.ActiveCfg = Debug|Any CPU
		{470BBC99-FB8F-4A8C-8B83-0E0DB68C1E5A}.Release|Any CPU.ActiveCfg = Release|Any CPU
	EndGlobalSection
	GlobalSection(SolutionProperties) = preSolution
		HideSolutionNode = FALSE
	EndGlobalSection
	GlobalSection(ExtensibilityGlobals) = postSolution
		SolutionGuid = {C5D69A4A-32AB-4FCA-A063-05DC83A5DEEB}
	EndGlobalSection
EndGlobal
